// !$*UTF8*$!
{
	archiveVersion = 1;
	classes = {
	};
	objectVersion = 77;
	objects = {

/* Begin PBXBuildFile section */
		A20000000000000000000001 /* FluidAudio in Frameworks */ = {isa = PBXBuildFile; productRef = A20000000000000000000002 /* FluidAudio */; };
		A20000000000000000000004 /* Factory in Frameworks */ = {isa = PBXBuildFile; productRef = A20000000000000000000005 /* Factory */; };
		A20000000000000000000006 /* Factory in Frameworks */ = {isa = PBXBuildFile; productRef = A20000000000000000000007 /* Factory */; };
/* End PBXBuildFile section */

/* Begin PBXContainerItemProxy section */
		165D8CF7305C0BCF00352C4B /* PBXContainerItemProxy */ = {
			isa = PBXContainerItemProxy;
			containerPortal = 165D8CE1305C0BCD00352C4B /* Project object */;
			proxyType = 1;
			remoteGlobalIDString = 165D8CE8305C0BCD00352C4B;
			remoteInfo = OrbSpeech;
		};
		165D8D01305C0BCF00352C4B /* PBXContainerItemProxy */ = {
			isa = PBXContainerItemProxy;
			containerPortal = 165D8CE1305C0BCD00352C4B /* Project object */;
			proxyType = 1;
			remoteGlobalIDString = 165D8CE8305C0BCD00352C4B;
			remoteInfo = OrbSpeech;
		};
/* End PBXContainerItemProxy section */

/* Begin PBXFileReference section */
		161E66E8306D24C80006F3AD /* OrbSpeech.xctestplan */ = {isa = PBXFileReference; lastKnownFileType = text; path = OrbSpeech.xctestplan; sourceTree = "<group>"; };
		165D8CE9305C0BCD00352C4B /* OrbSpeech.app */ = {isa = PBXFileReference; explicitFileType = wrapper.application; includeInIndex = 0; path = OrbSpeech.app; sourceTree = BUILT_PRODUCTS_DIR; };
		165D8CF6305C0BCF00352C4B /* OrbSpeechTests.xctest */ = {isa = PBXFileReference; explicitFileType = wrapper.cfbundle; includeInIndex = 0; path = OrbSpeechTests.xctest; sourceTree = BUILT_PRODUCTS_DIR; };
		165D8D00305C0BCF00352C4B /* OrbSpeechUITests.xctest */ = {isa = PBXFileReference; explicitFileType = wrapper.cfbundle; includeInIndex = 0; path = OrbSpeechUITests.xctest; sourceTree = BUILT_PRODUCTS_DIR; };
/* End PBXFileReference section */

/* Begin PBXFileSystemSynchronizedRootGroup section */
		165D8CEB305C0BCD00352C4B /* OrbSpeech */ = {
			isa = PBXFileSystemSynchronizedRootGroup;
			path = OrbSpeech;
			sourceTree = "<group>";
		};
		165D8CF9305C0BCF00352C4B /* OrbSpeechTests */ = {
			isa = PBXFileSystemSynchronizedRootGroup;
			path = OrbSpeechTests;
			sourceTree = "<group>";
		};
		165D8D03305C0BCF00352C4B /* OrbSpeechUITests */ = {
			isa = PBXFileSystemSynchronizedRootGroup;
			path = OrbSpeechUITests;
			sourceTree = "<group>";
		};
/* End PBXFileSystemSynchronizedRootGroup section */

/* Begin PBXFrameworksBuildPhase section */
		165D8CE6305C0BCD00352C4B /* Frameworks */ = {
			isa = PBXFrameworksBuildPhase;
			buildActionMask = 2147483647;
			files = (
				A20000000000000000000001 /* FluidAudio in Frameworks */,
				A20000000000000000000004 /* Factory in Frameworks */,
			);
			runOnlyForDeploymentPostprocessing = 0;
		};
		165D8CF3305C0BCF00352C4B /* Frameworks */ = {
			isa = PBXFrameworksBuildPhase;
			buildActionMask = 2147483647;
			files = (
				A20000000000000000000006 /* Factory in Frameworks */,
			);
			runOnlyForDeploymentPostprocessing = 0;
		};
		165D8CFD305C0BCF00352C4B /* Frameworks */ = {
			isa = PBXFrameworksBuildPhase;
			buildActionMask = 2147483647;
			files = (
			);
			runOnlyForDeploymentPostprocessing = 0;
		};
/* End PBXFrameworksBuildPhase section */

/* Begin PBXGroup section */
		165D8CE0305C0BCD00352C4B = {
			isa = PBXGroup;
			children = (
				161E66E8306D24C80006F3AD /* OrbSpeech.xctestplan */,
				165D8CEB305C0BCD00352C4B /* OrbSpeech */,
				165D8CF9305C0BCF00352C4B /* OrbSpeechTests */,
				165D8D03305C0BCF00352C4B /* OrbSpeechUITests */,
				165D8CEA305C0BCD00352C4B /* Products */,
			);
			sourceTree = "<group>";
		};
		165D8CEA305C0BCD00352C4B /* Products */ = {
			isa = PBXGroup;
			children = (
				165D8CE9305C0BCD00352C4B /* OrbSpeech.app */,
				165D8CF6305C0BCF00352C4B /* OrbSpeechTests.xctest */,
				165D8D00305C0BCF00352C4B /* OrbSpeechUITests.xctest */,
			);
			name = Products;
			sourceTree = "<group>";
		};
/* End PBXGroup section */

/* Begin PBXNativeTarget section */
		165D8CE8305C0BCD00352C4B /* OrbSpeech */ = {
			isa = PBXNativeTarget;
			buildConfigurationList = 165D8D0A305C0BCF00352C4B /* Build configuration list for PBXNativeTarget "OrbSpeech" */;
			buildPhases = (
				165D8CE5305C0BCD00352C4B /* Sources */,
				165D8CE6305C0BCD00352C4B /* Frameworks */,
				165D8CE7305C0BCD00352C4B /* Resources */,
			);
			buildRules = (
			);
			dependencies = (
			);
			fileSystemSynchronizedGroups = (
				165D8CEB305C0BCD00352C4B /* OrbSpeech */,
			);
			name = OrbSpeech;
			packageProductDependencies = (
				A20000000000000000000002 /* FluidAudio */,
				A20000000000000000000005 /* Factory */,
			);
			productName = OrbSpeech;
			productReference = 165D8CE9305C0BCD00352C4B /* OrbSpeech.app */;
			productType = "com.apple.product-type.application";
		};
		165D8CF5305C0BCF00352C4B /* OrbSpeechTests */ = {
			isa = PBXNativeTarget;
			buildConfigurationList = 165D8D0D305C0BCF00352C4B /* Build configuration list for PBXNativeTarget "OrbSpeechTests" */;
			buildPhases = (
				165D8CF2305C0BCF00352C4B /* Sources */,
				165D8CF3305C0BCF00352C4B /* Frameworks */,
				165D8CF4305C0BCF00352C4B /* Resources */,
			);
			buildRules = (
			);
			dependencies = (
				165D8CF8305C0BCF00352C4B /* PBXTargetDependency */,
			);
			fileSystemSynchronizedGroups = (
				165D8CF9305C0BCF00352C4B /* OrbSpeechTests */,
			);
			name = OrbSpeechTests;
			packageProductDependencies = (
				A20000000000000000000007 /* Factory */,
			);
			productName = OrbSpeechTests;
			productReference = 165D8CF6305C0BCF00352C4B /* OrbSpeechTests.xctest */;
			productType = "com.apple.product-type.bundle.unit-test";
		};
		165D8CFF305C0BCF00352C4B /* OrbSpeechUITests */ = {
			isa = PBXNativeTarget;
			buildConfigurationList = 165D8D10305C0BCF00352C4B /* Build configuration list for PBXNativeTarget "OrbSpeechUITests" */;
			buildPhases = (
				165D8CFC305C0BCF00352C4B /* Sources */,
				165D8CFD305C0BCF00352C4B /* Frameworks */,
				165D8CFE305C0BCF00352C4B /* Resources */,
			);
			buildRules = (
			);
			dependencies = (
				165D8D02305C0BCF00352C4B /* PBXTargetDependency */,
			);
			fileSystemSynchronizedGroups = (
				165D8D03305C0BCF00352C4B /* OrbSpeechUITests */,
			);
			name = OrbSpeechUITests;
			packageProductDependencies = (
			);
			productName = OrbSpeechUITests;
			productReference = 165D8D00305C0BCF00352C4B /* OrbSpeechUITests.xctest */;
			productType = "com.apple.product-type.bundle.ui-testing";
		};
/* End PBXNativeTarget section */

/* Begin PBXProject section */
		165D8CE1305C0BCD00352C4B /* Project object */ = {
			isa = PBXProject;
			attributes = {
				BuildIndependentTargetsInParallel = 1;
				LastSwiftUpdateCheck = 2660;
				LastUpgradeCheck = 2660;
				TargetAttributes = {
					165D8CE8305C0BCD00352C4B = {
						CreatedOnToolsVersion = 26.6;
					};
					165D8CF5305C0BCF00352C4B = {
						CreatedOnToolsVersion = 26.6;
						TestTargetID = 165D8CE8305C0BCD00352C4B;
					};
					165D8CFF305C0BCF00352C4B = {
						CreatedOnToolsVersion = 26.6;
						TestTargetID = 165D8CE8305C0BCD00352C4B;
					};
				};
			};
			buildConfigurationList = 165D8CE4305C0BCD00352C4B /* Build configuration list for PBXProject "OrbSpeech" */;
			developmentRegion = en;
			hasScannedForEncodings = 0;
			knownRegions = (
				en,
				Base,
			);
			mainGroup = 165D8CE0305C0BCD00352C4B;
			minimizedProjectReferenceProxies = 1;
			packageReferences = (
				A20000000000000000000003 /* XCRemoteSwiftPackageReference "FluidAudio" */,
				A20000000000000000000008 /* XCRemoteSwiftPackageReference "Factory" */,
			);
			preferredProjectObjectVersion = 77;
			productRefGroup = 165D8CEA305C0BCD00352C4B /* Products */;
			projectDirPath = "";
			projectRoot = "";
			targets = (
				165D8CE8305C0BCD00352C4B /* OrbSpeech */,
				165D8CF5305C0BCF00352C4B /* OrbSpeechTests */,
				165D8CFF305C0BCF00352C4B /* OrbSpeechUITests */,
			);
		};
/* End PBXProject section */

/* Begin PBXResourcesBuildPhase section */
		165D8CE7305C0BCD00352C4B /* Resources */ = {
			isa = PBXResourcesBuildPhase;
			buildActionMask = 2147483647;
			files = (
			);
			runOnlyForDeploymentPostprocessing = 0;
		};
		165D8CF4305C0BCF00352C4B /* Resources */ = {
			isa = PBXResourcesBuildPhase;
			buildActionMask = 2147483647;
			files = (
			);
			runOnlyForDeploymentPostprocessing = 0;
		};
		165D8CFE305C0BCF00352C4B /* Resources */ = {
			isa = PBXResourcesBuildPhase;
			buildActionMask = 2147483647;
			files = (
			);
			runOnlyForDeploymentPostprocessing = 0;
		};
/* End PBXResourcesBuildPhase section */

/* Begin PBXSourcesBuildPhase section */
		165D8CE5305C0BCD00352C4B /* Sources */ = {
			isa = PBXSourcesBuildPhase;
			buildActionMask = 2147483647;
			files = (
			);
			runOnlyForDeploymentPostprocessing = 0;
		};
		165D8CF2305C0BCF00352C4B /* Sources */ = {
			isa = PBXSourcesBuildPhase;
			buildActionMask = 2147483647;
			files = (
			);
			runOnlyForDeploymentPostprocessing = 0;
		};
		165D8CFC305C0BCF00352C4B /* Sources */ = {
			isa = PBXSourcesBuildPhase;
			buildActionMask = 2147483647;
			files = (
			);
			runOnlyForDeploymentPostprocessing = 0;
		};
/* End PBXSourcesBuildPhase section */

/* Begin PBXTargetDependency section */
		165D8CF8305C0BCF00352C4B /* PBXTargetDependency */ = {
			isa = PBXTargetDependency;
			target = 165D8CE8305C0BCD00352C4B /* OrbSpeech */;
			targetProxy = 165D8CF7305C0BCF00352C4B /* PBXContainerItemProxy */;
		};
		165D8D02305C0BCF00352C4B /* PBXTargetDependency */ = {
			isa = PBXTargetDependency;
			target = 165D8CE8305C0BCD00352C4B /* OrbSpeech */;
			targetProxy = 165D8D01305C0BCF00352C4B /* PBXContainerItemProxy */;
		};
/* End PBXTargetDependency section */

/* Begin XCBuildConfiguration section */
		165D8D08305C0BCF00352C4B /* Debug */ = {
			isa = XCBuildConfiguration;
			buildSettings = {
				ALWAYS_SEARCH_USER_PATHS = NO;
				ASSETCATALOG_COMPILER_GENERATE_SWIFT_ASSET_SYMBOL_EXTENSIONS = YES;
				CLANG_ANALYZER_NONNULL = YES;
				CLANG_ANALYZER_NUMBER_OBJECT_CONVERSION = YES_AGGRESSIVE;
				CLANG_CXX_LANGUAGE_STANDARD = "gnu++20";
				CLANG_ENABLE_MODULES = YES;
				CLANG_ENABLE_OBJC_ARC = YES;
				CLANG_ENABLE_OBJC_WEAK = YES;
				CLANG_WARN_BLOCK_CAPTURE_AUTORELEASING = YES;
				CLANG_WARN_BOOL_CONVERSION = YES;
				CLANG_WARN_COMMA = YES;
				CLANG_WARN_CONSTANT_CONVERSION = YES;
				CLANG_WARN_DEPRECATED_OBJC_IMPLEMENTATIONS = YES;
				CLANG_WARN_DIRECT_OBJC_ISA_USAGE = YES_ERROR;
				CLANG_WARN_DOCUMENTATION_COMMENTS = YES;
				CLANG_WARN_EMPTY_BODY = YES;
				CLANG_WARN_ENUM_CONVERSION = YES;
				CLANG_WARN_INFINITE_RECURSION = YES;
				CLANG_WARN_INT_CONVERSION = YES;
				CLANG_WARN_NON_LITERAL_NULL_CONVERSION = YES;
				CLANG_WARN_OBJC_IMPLICIT_RETAIN_SELF = YES;
				CLANG_WARN_OBJC_LITERAL_CONVERSION = YES;
				CLANG_WARN_OBJC_ROOT_CLASS = YES_ERROR;
				CLANG_WARN_QUOTED_INCLUDE_IN_FRAMEWORK_HEADER = YES;
				CLANG_WARN_RANGE_LOOP_ANALYSIS = YES;
				CLANG_WARN_STRICT_PROTOTYPES = YES;
				CLANG_WARN_SUSPICIOUS_MOVE = YES;
				CLANG_WARN_UNGUARDED_AVAILABILITY = YES_AGGRESSIVE;
				CLANG_WARN_UNREACHABLE_CODE = YES;
				CLANG_WARN__DUPLICATE_METHOD_MATCH = YES;
				COPY_PHASE_STRIP = NO;
				DEBUG_INFORMATION_FORMAT = dwarf;
				DEVELOPMENT_TEAM = B7Q472CR92;
				ENABLE_STRICT_OBJC_MSGSEND = YES;
				ENABLE_TESTABILITY = YES;
				ENABLE_USER_SCRIPT_SANDBOXING = YES;
				GCC_C_LANGUAGE_STANDARD = gnu17;
				GCC_DYNAMIC_NO_PIC = NO;
				GCC_NO_COMMON_BLOCKS = YES;
				GCC_OPTIMIZATION_LEVEL = 0;
				GCC_PREPROCESSOR_DEFINITIONS = (
					"DEBUG=1",
					"$(inherited)",
				);
				GCC_WARN_64_TO_32_BIT_CONVERSION = YES;
				GCC_WARN_ABOUT_RETURN_TYPE = YES_ERROR;
				GCC_WARN_UNDECLARED_SELECTOR = YES;
				GCC_WARN_UNINITIALIZED_AUTOS = YES_AGGRESSIVE;
				GCC_WARN_UNUSED_FUNCTION = YES;
				GCC_WARN_UNUSED_VARIABLE = YES;
				IPHONEOS_DEPLOYMENT_TARGET = 26.0;
				LOCALIZATION_PREFERS_STRING_CATALOGS = YES;
				MTL_ENABLE_DEBUG_INFO = INCLUDE_SOURCE;
				MTL_FAST_MATH = YES;
				ONLY_ACTIVE_ARCH = YES;
				SDKROOT = iphoneos;
				SWIFT_ACTIVE_COMPILATION_CONDITIONS = "DEBUG $(inherited)";
				SWIFT_OPTIMIZATION_LEVEL = "-Onone";
			};
			name = Debug;
		};
		165D8D09305C0BCF00352C4B /* Release */ = {
			isa = XCBuildConfiguration;
			buildSettings = {
				ALWAYS_SEARCH_USER_PATHS = NO;
				ASSETCATALOG_COMPILER_GENERATE_SWIFT_ASSET_SYMBOL_EXTENSIONS = YES;
				CLANG_ANALYZER_NONNULL = YES;
				CLANG_ANALYZER_NUMBER_OBJECT_CONVERSION = YES_AGGRESSIVE;
				CLANG_CXX_LANGUAGE_STANDARD = "gnu++20";
				CLANG_ENABLE_MODULES = YES;
				CLANG_ENABLE_OBJC_ARC = YES;
				CLANG_ENABLE_OBJC_WEAK = YES;
				CLANG_WARN_BLOCK_CAPTURE_AUTORELEASING = YES;
				CLANG_WARN_BOOL_CONVERSION = YES;
				CLANG_WARN_COMMA = YES;
				CLANG_WARN_CONSTANT_CONVERSION = YES;
				CLANG_WARN_DEPRECATED_OBJC_IMPLEMENTATIONS = YES;
				CLANG_WARN_DIRECT_OBJC_ISA_USAGE = YES_ERROR;
				CLANG_WARN_DOCUMENTATION_COMMENTS = YES;
				CLANG_WARN_EMPTY_BODY = YES;
				CLANG_WARN_ENUM_CONVERSION = YES;
				CLANG_WARN_INFINITE_RECURSION = YES;
				CLANG_WARN_INT_CONVERSION = YES;
				CLANG_WARN_NON_LITERAL_NULL_CONVERSION = YES;
				CLANG_WARN_OBJC_IMPLICIT_RETAIN_SELF = YES;
				CLANG_WARN_OBJC_LITERAL_CONVERSION = YES;
				CLANG_WARN_OBJC_ROOT_CLASS = YES_ERROR;
				CLANG_WARN_QUOTED_INCLUDE_IN_FRAMEWORK_HEADER = YES;
				CLANG_WARN_RANGE_LOOP_ANALYSIS = YES;
				CLANG_WARN_STRICT_PROTOTYPES = YES;
				CLANG_WARN_SUSPICIOUS_MOVE = YES;
				CLANG_WARN_UNGUARDED_AVAILABILITY = YES_AGGRESSIVE;
				CLANG_WARN_UNREACHABLE_CODE = YES;
				CLANG_WARN__DUPLICATE_METHOD_MATCH = YES;
				COPY_PHASE_STRIP = NO;
				DEBUG_INFORMATION_FORMAT = "dwarf-with-dsym";
				DEVELOPMENT_TEAM = B7Q472CR92;
				ENABLE_NS_ASSERTIONS = NO;
				ENABLE_STRICT_OBJC_MSGSEND = YES;
				ENABLE_USER_SCRIPT_SANDBOXING = YES;
				GCC_C_LANGUAGE_STANDARD = gnu17;
				GCC_NO_COMMON_BLOCKS = YES;
				GCC_WARN_64_TO_32_BIT_CONVERSION = YES;
				GCC_WARN_ABOUT_RETURN_TYPE = YES_ERROR;
				GCC_WARN_UNDECLARED_SELECTOR = YES;
				GCC_WARN_UNINITIALIZED_AUTOS = YES_AGGRESSIVE;
				GCC_WARN_UNUSED_FUNCTION = YES;
				GCC_WARN_UNUSED_VARIABLE = YES;
				IPHONEOS_DEPLOYMENT_TARGET = 26.0;
				LOCALIZATION_PREFERS_STRING_CATALOGS = YES;
				MTL_ENABLE_DEBUG_INFO = NO;
				MTL_FAST_MATH = YES;
				SDKROOT = iphoneos;
				SWIFT_COMPILATION_MODE = wholemodule;
				VALIDATE_PRODUCT = YES;
			};
			name = Release;
		};
		165D8D0B305C0BCF00352C4B /* Debug */ = {
			isa = XCBuildConfiguration;
			buildSettings = {
				ASSETCATALOG_COMPILER_APPICON_NAME = AppIcon;
				ASSETCATALOG_COMPILER_GLOBAL_ACCENT_COLOR_NAME = AccentColor;
				CODE_SIGN_STYLE = Automatic;
				CURRENT_PROJECT_VERSION = 1;
				DEVELOPMENT_TEAM = B7Q472CR92;
				ENABLE_PREVIEWS = YES;
				GENERATE_INFOPLIST_FILE = YES;
				INFOPLIST_KEY_NSMicrophoneUsageDescription = "Precisamos do microfone para animar o orb conforme a sua voz.";
				INFOPLIST_KEY_NSSpeechRecognitionUsageDescription = "Precisamos do reconhecimento de fala Apple para transcrever sua voz.";
				INFOPLIST_KEY_UIApplicationSceneManifest_Generation = YES;
				INFOPLIST_KEY_UIApplicationSupportsIndirectInputEvents = YES;
				INFOPLIST_KEY_UILaunchScreen_Generation = YES;
				INFOPLIST_KEY_UISupportedInterfaceOrientations_iPad = "UIInterfaceOrientationPortrait UIInterfaceOrientationPortraitUpsideDown UIInterfaceOrientationLandscapeLeft UIInterfaceOrientationLandscapeRight";
				INFOPLIST_KEY_UISupportedInterfaceOrientations_iPhone = "UIInterfaceOrientationPortrait UIInterfaceOrientationLandscapeLeft UIInterfaceOrientationLandscapeRight";
				IPHONEOS_DEPLOYMENT_TARGET = 26.0;
				LD_RUNPATH_SEARCH_PATHS = (
					"$(inherited)",
					"@executable_path/Frameworks",
				);
				MARKETING_VERSION = 1.0;
				PRODUCT_BUNDLE_IDENTIFIER = com.andre.OrbSpeech;
				PRODUCT_NAME = "$(TARGET_NAME)";
				STRING_CATALOG_GENERATE_SYMBOLS = YES;
				SWIFT_APPROACHABLE_CONCURRENCY = YES;
				SWIFT_DEFAULT_ACTOR_ISOLATION = MainActor;
				SWIFT_EMIT_LOC_STRINGS = YES;
				SWIFT_UPCOMING_FEATURE_MEMBER_IMPORT_VISIBILITY = YES;
				SWIFT_VERSION = 5.0;
				TARGETED_DEVICE_FAMILY = "1,2";
			};
			name = Debug;
		};
		165D8D0C305C0BCF00352C4B /* Release */ = {
			isa = XCBuildConfiguration;
			buildSettings = {
				ASSETCATALOG_COMPILER_APPICON_NAME = AppIcon;
				ASSETCATALOG_COMPILER_GLOBAL_ACCENT_COLOR_NAME = AccentColor;
				CODE_SIGN_STYLE = Automatic;
				CURRENT_PROJECT_VERSION = 1;
				DEVELOPMENT_TEAM = B7Q472CR92;
				ENABLE_PREVIEWS = YES;
				GENERATE_INFOPLIST_FILE = YES;
				INFOPLIST_KEY_NSMicrophoneUsageDescription = "Precisamos do microfone para animar o orb conforme a sua voz.";
				INFOPLIST_KEY_NSSpeechRecognitionUsageDescription = "Precisamos do reconhecimento de fala Apple para transcrever sua voz.";
				INFOPLIST_KEY_UIApplicationSceneManifest_Generation = YES;
				INFOPLIST_KEY_UIApplicationSupportsIndirectInputEvents = YES;
				INFOPLIST_KEY_UILaunchScreen_Generation = YES;
				INFOPLIST_KEY_UISupportedInterfaceOrientations_iPad = "UIInterfaceOrientationPortrait UIInterfaceOrientationPortraitUpsideDown UIInterfaceOrientationLandscapeLeft UIInterfaceOrientationLandscapeRight";
				INFOPLIST_KEY_UISupportedInterfaceOrientations_iPhone = "UIInterfaceOrientationPortrait UIInterfaceOrientationLandscapeLeft UIInterfaceOrientationLandscapeRight";
				IPHONEOS_DEPLOYMENT_TARGET = 26.0;
				LD_RUNPATH_SEARCH_PATHS = (
					"$(inherited)",
					"@executable_path/Frameworks",
				);
				MARKETING_VERSION = 1.0;
				PRODUCT_BUNDLE_IDENTIFIER = com.andre.OrbSpeech;
				PRODUCT_NAME = "$(TARGET_NAME)";
				STRING_CATALOG_GENERATE_SYMBOLS = YES;
				SWIFT_APPROACHABLE_CONCURRENCY = YES;
				SWIFT_DEFAULT_ACTOR_ISOLATION = MainActor;
				SWIFT_EMIT_LOC_STRINGS = YES;
				SWIFT_UPCOMING_FEATURE_MEMBER_IMPORT_VISIBILITY = YES;
				SWIFT_VERSION = 5.0;
				TARGETED_DEVICE_FAMILY = "1,2";
			};
			name = Release;
		};
		165D8D0E305C0BCF00352C4B /* Debug */ = {
			isa = XCBuildConfiguration;
			buildSettings = {
				BUNDLE_LOADER = "$(TEST_HOST)";
				CODE_SIGN_STYLE = Automatic;
				CURRENT_PROJECT_VERSION = 1;
				DEVELOPMENT_TEAM = B7Q472CR92;
				GENERATE_INFOPLIST_FILE = YES;
				IPHONEOS_DEPLOYMENT_TARGET = 26.0;
				MARKETING_VERSION = 1.0;
				PRODUCT_BUNDLE_IDENTIFIER = com.andre.OrbSpeechTests;
				PRODUCT_NAME = "$(TARGET_NAME)";
				STRING_CATALOG_GENERATE_SYMBOLS = NO;
				SWIFT_APPROACHABLE_CONCURRENCY = YES;
				SWIFT_EMIT_LOC_STRINGS = NO;
				SWIFT_UPCOMING_FEATURE_MEMBER_IMPORT_VISIBILITY = YES;
				SWIFT_VERSION = 5.0;
				TARGETED_DEVICE_FAMILY = "1,2";
				TEST_HOST = "$(BUILT_PRODUCTS_DIR)/OrbSpeech.app/$(BUNDLE_EXECUTABLE_FOLDER_PATH)/OrbSpeech";
			};
			name = Debug;
		};
		165D8D0F305C0BCF00352C4B /* Release */ = {
			isa = XCBuildConfiguration;
			buildSettings = {
				BUNDLE_LOADER = "$(TEST_HOST)";
				CODE_SIGN_STYLE = Automatic;
				CURRENT_PROJECT_VERSION = 1;
				DEVELOPMENT_TEAM = B7Q472CR92;
				GENERATE_INFOPLIST_FILE = YES;
				IPHONEOS_DEPLOYMENT_TARGET = 26.0;
				MARKETING_VERSION = 1.0;
				PRODUCT_BUNDLE_IDENTIFIER = com.andre.OrbSpeechTests;
				PRODUCT_NAME = "$(TARGET_NAME)";
				STRING_CATALOG_GENERATE_SYMBOLS = NO;
				SWIFT_APPROACHABLE_CONCURRENCY = YES;
				SWIFT_EMIT_LOC_STRINGS = NO;
				SWIFT_UPCOMING_FEATURE_MEMBER_IMPORT_VISIBILITY = YES;
				SWIFT_VERSION = 5.0;
				TARGETED_DEVICE_FAMILY = "1,2";
				TEST_HOST = "$(BUILT_PRODUCTS_DIR)/OrbSpeech.app/$(BUNDLE_EXECUTABLE_FOLDER_PATH)/OrbSpeech";
			};
			name = Release;
		};
		165D8D11305C0BCF00352C4B /* Debug */ = {
			isa = XCBuildConfiguration;
			buildSettings = {
				CODE_SIGN_STYLE = Automatic;
				CURRENT_PROJECT_VERSION = 1;
				DEVELOPMENT_TEAM = B7Q472CR92;
				GENERATE_INFOPLIST_FILE = YES;
				MARKETING_VERSION = 1.0;
				PRODUCT_BUNDLE_IDENTIFIER = com.andre.OrbSpeechUITests;
				PRODUCT_NAME = "$(TARGET_NAME)";
				STRING_CATALOG_GENERATE_SYMBOLS = NO;
				SWIFT_APPROACHABLE_CONCURRENCY = YES;
				SWIFT_EMIT_LOC_STRINGS = NO;
				SWIFT_UPCOMING_FEATURE_MEMBER_IMPORT_VISIBILITY = YES;
				SWIFT_VERSION = 5.0;
				TARGETED_DEVICE_FAMILY = "1,2";
				TEST_TARGET_NAME = OrbSpeech;
			};
			name = Debug;
		};
		165D8D12305C0BCF00352C4B /* Release */ = {
			isa = XCBuildConfiguration;
			buildSettings = {
				CODE_SIGN_STYLE = Automatic;
				CURRENT_PROJECT_VERSION = 1;
				DEVELOPMENT_TEAM = B7Q472CR92;
				GENERATE_INFOPLIST_FILE = YES;
				MARKETING_VERSION = 1.0;
				PRODUCT_BUNDLE_IDENTIFIER = com.andre.OrbSpeechUITests;
				PRODUCT_NAME = "$(TARGET_NAME)";
				STRING_CATALOG_GENERATE_SYMBOLS = NO;
				SWIFT_APPROACHABLE_CONCURRENCY = YES;
				SWIFT_EMIT_LOC_STRINGS = NO;
				SWIFT_UPCOMING_FEATURE_MEMBER_IMPORT_VISIBILITY = YES;
				SWIFT_VERSION = 5.0;
				TARGETED_DEVICE_FAMILY = "1,2";
				TEST_TARGET_NAME = OrbSpeech;
			};
			name = Release;
		};
/* End XCBuildConfiguration section */

/* Begin XCConfigurationList section */
		165D8CE4305C0BCD00352C4B /* Build configuration list for PBXProject "OrbSpeech" */ = {
			isa = XCConfigurationList;
			buildConfigurations = (
				165D8D08305C0BCF00352C4B /* Debug */,
				165D8D09305C0BCF00352C4B /* Release */,
			);
			defaultConfigurationIsVisible = 0;
			defaultConfigurationName = Release;
		};
		165D8D0A305C0BCF00352C4B /* Build configuration list for PBXNativeTarget "OrbSpeech" */ = {
			isa = XCConfigurationList;
			buildConfigurations = (
				165D8D0B305C0BCF00352C4B /* Debug */,
				165D8D0C305C0BCF00352C4B /* Release */,
			);
			defaultConfigurationIsVisible = 0;
			defaultConfigurationName = Release;
		};
		165D8D0D305C0BCF00352C4B /* Build configuration list for PBXNativeTarget "OrbSpeechTests" */ = {
			isa = XCConfigurationList;
			buildConfigurations = (
				165D8D0E305C0BCF00352C4B /* Debug */,
				165D8D0F305C0BCF00352C4B /* Release */,
			);
			defaultConfigurationIsVisible = 0;
			defaultConfigurationName = Release;
		};
		165D8D10305C0BCF00352C4B /* Build configuration list for PBXNativeTarget "OrbSpeechUITests" */ = {
			isa = XCConfigurationList;
			buildConfigurations = (
				165D8D11305C0BCF00352C4B /* Debug */,
				165D8D12305C0BCF00352C4B /* Release */,
			);
			defaultConfigurationIsVisible = 0;
			defaultConfigurationName = Release;
		};
/* End XCConfigurationList section */

/* Begin XCRemoteSwiftPackageReference section */
		A20000000000000000000003 /* XCRemoteSwiftPackageReference "FluidAudio" */ = {
			isa = XCRemoteSwiftPackageReference;
			repositoryURL = "https://github.com/FluidInference/FluidAudio.git";
			requirement = {
				kind = upToNextMajorVersion;
				minimumVersion = 0.12.4;
			};
		};
		A20000000000000000000008 /* XCRemoteSwiftPackageReference "Factory" */ = {
			isa = XCRemoteSwiftPackageReference;
			repositoryURL = "https://github.com/hmlongco/Factory.git";
			requirement = {
				kind = upToNextMajorVersion;
				minimumVersion = 2.4.12;
			};
		};
/* End XCRemoteSwiftPackageReference section */

/* Begin XCSwiftPackageProductDependency section */
		A20000000000000000000002 /* FluidAudio */ = {
			isa = XCSwiftPackageProductDependency;
			package = A20000000000000000000003 /* XCRemoteSwiftPackageReference "FluidAudio" */;
			productName = FluidAudio;
		};
		A20000000000000000000005 /* Factory */ = {
			isa = XCSwiftPackageProductDependency;
			package = A20000000000000000000008 /* XCRemoteSwiftPackageReference "Factory" */;
			productName = Factory;
		};
		A20000000000000000000007 /* Factory */ = {
			isa = XCSwiftPackageProductDependency;
			package = A20000000000000000000008 /* XCRemoteSwiftPackageReference "Factory" */;
			productName = Factory;
		};
/* End XCSwiftPackageProductDependency section */
	};
	rootObject = 165D8CE1305C0BCD00352C4B /* Project object */;
}
